// !$*UTF8*$!
{
	archiveVersion = 1;
	classes = {
	};
	objectVersion = 56;
	objects = {

/* Begin PBXBuildFile section */
		700F2FC32A8D23B700BAD52D /* GoalsService.swift in Sources */ = {isa = PBXBuildFile; fileRef = 700F2FC22A8D23B700BAD52D /* GoalsService.swift */; };
		706F16EA2AB34C500051B68A /* RootView.swift in Sources */ = {isa = PBXBuildFile; fileRef = 706F16E92AB34C500051B68A /* RootView.swift */; };
		707FE2592AA8806200D61391 /* HomeViewModel.swift in Sources */ = {isa = PBXBuildFile; fileRef = 707FE2582AA8806200D61391 /* HomeViewModel.swift */; };
		707FE25B2AA8825800D61391 /* HomeView.swift in Sources */ = {isa = PBXBuildFile; fileRef = 707FE25A2AA8825800D61391 /* HomeView.swift */; };
		707FE25E2AA8DB9F00D61391 /* Inter-Black.ttf in Resources */ = {isa = PBXBuildFile; fileRef = 707FE25D2AA8DB9F00D61391 /* Inter-Black.ttf */; };
		707FE2602AA8DBB300D61391 /* Inter-Medium.ttf in Resources */ = {isa = PBXBuildFile; fileRef = 707FE25F2AA8DBB300D61391 /* Inter-Medium.ttf */; };
		707FE2632AA8EFD200D61391 /* Font+Custom.swift in Sources */ = {isa = PBXBuildFile; fileRef = 707FE2622AA8EFD200D61391 /* Font+Custom.swift */; };
		709A43EF2AE9DAC300C92BFA /* TopBorderVectorView.swift in Sources */ = {isa = PBXBuildFile; fileRef = 709A43ED2AE9DAC300C92BFA /* TopBorderVectorView.swift */; };
		70ADD50E2A52E1DE005D2EB5 /* UnitsTrackingApp.swift in Sources */ = {isa = PBXBuildFile; fileRef = 70ADD50D2A52E1DE005D2EB5 /* UnitsTrackingApp.swift */; };
		70ADD5122A52E1DF005D2EB5 /* Assets.xcassets in Resources */ = {isa = PBXBuildFile; fileRef = 70ADD5112A52E1DF005D2EB5 /* Assets.xcassets */; };
		70ADD5152A52E1DF005D2EB5 /* Preview Assets.xcassets in Resources */ = {isa = PBXBuildFile; fileRef = 70ADD5142A52E1DF005D2EB5 /* Preview Assets.xcassets */; };
		70ADD51C2A52E825005D2EB5 /* HistoryView.swift in Sources */ = {isa = PBXBuildFile; fileRef = 70ADD51B2A52E825005D2EB5 /* HistoryView.swift */; };
		70ADD51E2A52E83A005D2EB5 /* AddNewDrinkView.swift in Sources */ = {isa = PBXBuildFile; fileRef = 70ADD51D2A52E83A005D2EB5 /* AddNewDrinkView.swift */; };
		70ADD5202A52E852005D2EB5 /* StatisticsView.swift in Sources */ = {isa = PBXBuildFile; fileRef = 70ADD51F2A52E852005D2EB5 /* StatisticsView.swift */; };
		70ADD5222A52E860005D2EB5 /* SettingsView.swift in Sources */ = {isa = PBXBuildFile; fileRef = 70ADD5212A52E85F005D2EB5 /* SettingsView.swift */; };
		70ADD5252A52F0B6005D2EB5 /* Drink.swift in Sources */ = {isa = PBXBuildFile; fileRef = 70ADD5242A52F0B6005D2EB5 /* Drink.swift */; };
		70ADD5272A532115005D2EB5 /* DrinksService.swift in Sources */ = {isa = PBXBuildFile; fileRef = 70ADD5262A532115005D2EB5 /* DrinksService.swift */; };
		70EC76252ADDD67500009842 /* Color+Custom.swift in Sources */ = {isa = PBXBuildFile; fileRef = 70EC76242ADDD67500009842 /* Color+Custom.swift */; };
		70F61A562A6041F100180237 /* AddNewDrinkViewModel.swift in Sources */ = {isa = PBXBuildFile; fileRef = 70F61A552A6041F100180237 /* AddNewDrinkViewModel.swift */; };
/* End PBXBuildFile section */

/* Begin PBXFileReference section */
		700F2FC22A8D23B700BAD52D /* GoalsService.swift */ = {isa = PBXFileReference; lastKnownFileType = sourcecode.swift; path = GoalsService.swift; sourceTree = "<group>"; };
		706F16E92AB34C500051B68A /* RootView.swift */ = {isa = PBXFileReference; lastKnownFileType = sourcecode.swift; path = RootView.swift; sourceTree = "<group>"; };
		707FE2582AA8806200D61391 /* HomeViewModel.swift */ = {isa = PBXFileReference; lastKnownFileType = sourcecode.swift; path = HomeViewModel.swift; sourceTree = "<group>"; };
		707FE25A2AA8825800D61391 /* HomeView.swift */ = {isa = PBXFileReference; lastKnownFileType = sourcecode.swift; path = HomeView.swift; sourceTree = "<group>"; };
		707FE25D2AA8DB9F00D61391 /* Inter-Black.ttf */ = {isa = PBXFileReference; lastKnownFileType = file; path = "Inter-Black.ttf"; sourceTree = "<group>"; };
		707FE25F2AA8DBB300D61391 /* Inter-Medium.ttf */ = {isa = PBXFileReference; lastKnownFileType = file; path = "Inter-Medium.ttf"; sourceTree = "<group>"; };
		707FE2612AA8DC5300D61391 /* Info.plist */ = {isa = PBXFileReference; lastKnownFileType = text.plist; path = Info.plist; sourceTree = "<group>"; };
		707FE2622AA8EFD200D61391 /* Font+Custom.swift */ = {isa = PBXFileReference; lastKnownFileType = sourcecode.swift; path = "Font+Custom.swift"; sourceTree = "<group>"; };
		709A43ED2AE9DAC300C92BFA /* TopBorderVectorView.swift */ = {isa = PBXFileReference; fileEncoding = 4; lastKnownFileType = sourcecode.swift; path = TopBorderVectorView.swift; sourceTree = "<group>"; };
		70ADD50A2A52E1DE005D2EB5 /* units-tracking-app.app */ = {isa = PBXFileReference; explicitFileType = wrapper.application; includeInIndex = 0; path = "units-tracking-app.app"; sourceTree = BUILT_PRODUCTS_DIR; };
		70ADD50D2A52E1DE005D2EB5 /* UnitsTrackingApp.swift */ = {isa = PBXFileReference; lastKnownFileType = sourcecode.swift; path = UnitsTrackingApp.swift; sourceTree = "<group>"; };
		70ADD5112A52E1DF005D2EB5 /* Assets.xcassets */ = {isa = PBXFileReference; lastKnownFileType = folder.assetcatalog; path = Assets.xcassets; sourceTree = "<group>"; };
		70ADD5142A52E1DF005D2EB5 /* Preview Assets.xcassets */ = {isa = PBXFileReference; lastKnownFileType = folder.assetcatalog; path = "Preview Assets.xcassets"; sourceTree = "<group>"; };
		70ADD51B2A52E825005D2EB5 /* HistoryView.swift */ = {isa = PBXFileReference; lastKnownFileType = sourcecode.swift; path = HistoryView.swift; sourceTree = "<group>"; };
		70ADD51D2A52E83A005D2EB5 /* AddNewDrinkView.swift */ = {isa = PBXFileReference; lastKnownFileType = sourcecode.swift; path = AddNewDrinkView.swift; sourceTree = "<group>"; };
		70ADD51F2A52E852005D2EB5 /* StatisticsView.swift */ = {isa = PBXFileReference; lastKnownFileType = sourcecode.swift; path = StatisticsView.swift; sourceTree = "<group>"; };
		70ADD5212A52E85F005D2EB5 /* SettingsView.swift */ = {isa = PBXFileReference; lastKnownFileType = sourcecode.swift; path = SettingsView.swift; sourceTree = "<group>"; };
		70ADD5242A52F0B6005D2EB5 /* Drink.swift */ = {isa = PBXFileReference; lastKnownFileType = sourcecode.swift; path = Drink.swift; sourceTree = "<group>"; };
		70ADD5262A532115005D2EB5 /* DrinksService.swift */ = {isa = PBXFileReference; lastKnownFileType = sourcecode.swift; path = DrinksService.swift; sourceTree = "<group>"; };
		70EC76242ADDD67500009842 /* Color+Custom.swift */ = {isa = PBXFileReference; lastKnownFileType = sourcecode.swift; path = "Color+Custom.swift"; sourceTree = "<group>"; };
		70F61A552A6041F100180237 /* AddNewDrinkViewModel.swift */ = {isa = PBXFileReference; lastKnownFileType = sourcecode.swift; path = AddNewDrinkViewModel.swift; sourceTree = "<group>"; };
/* End PBXFileReference section */

/* Begin PBXFrameworksBuildPhase section */
		70ADD5072A52E1DE005D2EB5 /* Frameworks */ = {
			isa = PBXFrameworksBuildPhase;
			buildActionMask = 2147483647;
			files = (
			);
			runOnlyForDeploymentPostprocessing = 0;
		};
/* End PBXFrameworksBuildPhase section */

/* Begin PBXGroup section */
		700F2FBA2A8BC8A300BAD52D /* PresentationLayer */ = {
			isa = PBXGroup;
			children = (
				709A43EC2AE9D99200C92BFA /* TopBorderVector */,
				70ADD5112A52E1DF005D2EB5 /* Assets.xcassets */,
				707FE25C2AA8DB4500D61391 /* Fonts */,
				707FE2622AA8EFD200D61391 /* Font+Custom.swift */,
				70F61A552A6041F100180237 /* AddNewDrinkViewModel.swift */,
				70ADD51D2A52E83A005D2EB5 /* AddNewDrinkView.swift */,
				70ADD51F2A52E852005D2EB5 /* StatisticsView.swift */,
				70ADD51B2A52E825005D2EB5 /* HistoryView.swift */,
				70ADD5212A52E85F005D2EB5 /* SettingsView.swift */,
				707FE2582AA8806200D61391 /* HomeViewModel.swift */,
				707FE25A2AA8825800D61391 /* HomeView.swift */,
				70EC76242ADDD67500009842 /* Color+Custom.swift */,
				706F16E92AB34C500051B68A /* RootView.swift */,
			);
			path = PresentationLayer;
			sourceTree = "<group>";
		};
		700F2FBB2A8BC8CF00BAD52D /* BusinessLayer */ = {
			isa = PBXGroup;
			children = (
				70ADD5262A532115005D2EB5 /* DrinksService.swift */,
				70ADD5242A52F0B6005D2EB5 /* Drink.swift */,
				700F2FC22A8D23B700BAD52D /* GoalsService.swift */,
			);
			path = BusinessLayer;
			sourceTree = "<group>";
		};
		700F2FBC2A8BC8DD00BAD52D /* PersistenceLayer */ = {
			isa = PBXGroup;
			children = (
			);
			path = PersistenceLayer;
			sourceTree = "<group>";
		};
		707FE25C2AA8DB4500D61391 /* Fonts */ = {
			isa = PBXGroup;
			children = (
				707FE25F2AA8DBB300D61391 /* Inter-Medium.ttf */,
				707FE25D2AA8DB9F00D61391 /* Inter-Black.ttf */,
			);
			path = Fonts;
			sourceTree = "<group>";
		};
		709A43EC2AE9D99200C92BFA /* TopBorderVector */ = {
			isa = PBXGroup;
			children = (
				709A43ED2AE9DAC300C92BFA /* TopBorderVectorView.swift */,
			);
			path = TopBorderVector;
			sourceTree = "<group>";
		};
		70ADD5012A52E1DE005D2EB5 = {
			isa = PBXGroup;
			children = (
				70ADD50C2A52E1DE005D2EB5 /* units-tracking-app */,
				70ADD50B2A52E1DE005D2EB5 /* Products */,
			);
			sourceTree = "<group>";
		};
		70ADD50B2A52E1DE005D2EB5 /* Products */ = {
			isa = PBXGroup;
			children = (
				70ADD50A2A52E1DE005D2EB5 /* units-tracking-app.app */,
			);
			name = Products;
			sourceTree = "<group>";
		};
		70ADD50C2A52E1DE005D2EB5 /* units-tracking-app */ = {
			isa = PBXGroup;
			children = (
				707FE2612AA8DC5300D61391 /* Info.plist */,
				70ADD50D2A52E1DE005D2EB5 /* UnitsTrackingApp.swift */,
				700F2FBA2A8BC8A300BAD52D /* PresentationLayer */,
				700F2FBB2A8BC8CF00BAD52D /* BusinessLayer */,
				700F2FBC2A8BC8DD00BAD52D /* PersistenceLayer */,
				70ADD5132A52E1DF005D2EB5 /* Preview Content */,
			);
			path = "units-tracking-app";
			sourceTree = "<group>";
		};
		70ADD5132A52E1DF005D2EB5 /* Preview Content */ = {
			isa = PBXGroup;
			children = (
				70ADD5142A52E1DF005D2EB5 /* Preview Assets.xcassets */,
			);
			path = "Preview Content";
			sourceTree = "<group>";
		};
/* End PBXGroup section */

/* Begin PBXNativeTarget section */
		70ADD5092A52E1DE005D2EB5 /* units-tracking-app */ = {
			isa = PBXNativeTarget;
			buildConfigurationList = 70ADD5182A52E1DF005D2EB5 /* Build configuration list for PBXNativeTarget "units-tracking-app" */;
			buildPhases = (
				70ADD5062A52E1DE005D2EB5 /* Sources */,
				70ADD5072A52E1DE005D2EB5 /* Frameworks */,
				70ADD5082A52E1DE005D2EB5 /* Resources */,
			);
			buildRules = (
			);
			dependencies = (
			);
			name = "units-tracking-app";
			productName = "units-tracking-app";
			productReference = 70ADD50A2A52E1DE005D2EB5 /* units-tracking-app.app */;
			productType = "com.apple.product-type.application";
		};
/* End PBXNativeTarget section */

/* Begin PBXProject section */
		70ADD5022A52E1DE005D2EB5 /* Project object */ = {
			isa = PBXProject;
			attributes = {
				BuildIndependentTargetsInParallel = 1;
				LastSwiftUpdateCheck = 1430;
				LastUpgradeCheck = 1430;
				TargetAttributes = {
					70ADD5092A52E1DE005D2EB5 = {
						CreatedOnToolsVersion = 14.3.1;
					};
				};
			};
			buildConfigurationList = 70ADD5052A52E1DE005D2EB5 /* Build configuration list for PBXProject "units-tracking-app" */;
			compatibilityVersion = "Xcode 14.0";
			developmentRegion = en;
			hasScannedForEncodings = 0;
			knownRegions = (
				en,
				Base,
			);
			mainGroup = 70ADD5012A52E1DE005D2EB5;
			productRefGroup = 70ADD50B2A52E1DE005D2EB5 /* Products */;
			projectDirPath = "";
			projectRoot = "";
			targets = (
				70ADD5092A52E1DE005D2EB5 /* units-tracking-app */,
			);
		};
/* End PBXProject section */

/* Begin PBXResourcesBuildPhase section */
		70ADD5082A52E1DE005D2EB5 /* Resources */ = {
			isa = PBXResourcesBuildPhase;
			buildActionMask = 2147483647;
			files = (
				707FE2602AA8DBB300D61391 /* Inter-Medium.ttf in Resources */,
				70ADD5152A52E1DF005D2EB5 /* Preview Assets.xcassets in Resources */,
				707FE25E2AA8DB9F00D61391 /* Inter-Black.ttf in Resources */,
				70ADD5122A52E1DF005D2EB5 /* Assets.xcassets in Resources */,
			);
			runOnlyForDeploymentPostprocessing = 0;
		};
/* End PBXResourcesBuildPhase section */

/* Begin PBXSourcesBuildPhase section */
		70ADD5062A52E1DE005D2EB5 /* Sources */ = {
			isa = PBXSourcesBuildPhase;
			buildActionMask = 2147483647;
			files = (
				70F61A562A6041F100180237 /* AddNewDrinkViewModel.swift in Sources */,
				706F16EA2AB34C500051B68A /* RootView.swift in Sources */,
				709A43EF2AE9DAC300C92BFA /* TopBorderVectorView.swift in Sources */,
				70ADD5272A532115005D2EB5 /* DrinksService.swift in Sources */,
				70ADD5202A52E852005D2EB5 /* StatisticsView.swift in Sources */,
				70ADD51C2A52E825005D2EB5 /* HistoryView.swift in Sources */,
				707FE2592AA8806200D61391 /* HomeViewModel.swift in Sources */,
				707FE2632AA8EFD200D61391 /* Font+Custom.swift in Sources */,
				70ADD5252A52F0B6005D2EB5 /* Drink.swift in Sources */,
				70ADD5222A52E860005D2EB5 /* SettingsView.swift in Sources */,
				70ADD51E2A52E83A005D2EB5 /* AddNewDrinkView.swift in Sources */,
				70EC76252ADDD67500009842 /* Color+Custom.swift in Sources */,
				707FE25B2AA8825800D61391 /* HomeView.swift in Sources */,
				70ADD50E2A52E1DE005D2EB5 /* UnitsTrackingApp.swift in Sources */,
				700F2FC32A8D23B700BAD52D /* GoalsService.swift in Sources */,
			);
			runOnlyForDeploymentPostprocessing = 0;
		};
/* End PBXSourcesBuildPhase section */

/* Begin XCBuildConfiguration section */
		70ADD5162A52E1DF005D2EB5 /* Debug */ = {
			isa = XCBuildConfiguration;
			buildSettings = {
				ALWAYS_SEARCH_USER_PATHS = NO;
				CLANG_ANALYZER_NONNULL = YES;
				CLANG_ANALYZER_NUMBER_OBJECT_CONVERSION = YES_AGGRESSIVE;
				CLANG_CXX_LANGUAGE_STANDARD = "gnu++20";
				CLANG_ENABLE_MODULES = YES;
				CLANG_ENABLE_OBJC_ARC = YES;
				CLANG_ENABLE_OBJC_WEAK = YES;
				CLANG_WARN_BLOCK_CAPTURE_AUTORELEASING = YES;
				CLANG_WARN_BOOL_CONVERSION = YES;
				CLANG_WARN_COMMA = YES;
				CLANG_WARN_CONSTANT_CONVERSION = YES;
				CLANG_WARN_DEPRECATED_OBJC_IMPLEMENTATIONS = YES;
				CLANG_WARN_DIRECT_OBJC_ISA_USAGE = YES_ERROR;
				CLANG_WARN_DOCUMENTATION_COMMENTS = YES;
				CLANG_WARN_EMPTY_BODY = YES;
				CLANG_WARN_ENUM_CONVERSION = YES;
				CLANG_WARN_INFINITE_RECURSION = YES;
				CLANG_WARN_INT_CONVERSION = YES;
				CLANG_WARN_NON_LITERAL_NULL_CONVERSION = YES;
				CLANG_WARN_OBJC_IMPLICIT_RETAIN_SELF = YES;
				CLANG_WARN_OBJC_LITERAL_CONVERSION = YES;
				CLANG_WARN_OBJC_ROOT_CLASS = YES_ERROR;
				CLANG_WARN_QUOTED_INCLUDE_IN_FRAMEWORK_HEADER = YES;
				CLANG_WARN_RANGE_LOOP_ANALYSIS = YES;
				CLANG_WARN_STRICT_PROTOTYPES = YES;
				CLANG_WARN_SUSPICIOUS_MOVE = YES;
				CLANG_WARN_UNGUARDED_AVAILABILITY = YES_AGGRESSIVE;
				CLANG_WARN_UNREACHABLE_CODE = YES;
				CLANG_WARN__DUPLICATE_METHOD_MATCH = YES;
				COPY_PHASE_STRIP = NO;
				DEBUG_INFORMATION_FORMAT = dwarf;
				ENABLE_STRICT_OBJC_MSGSEND = YES;
				ENABLE_TESTABILITY = YES;
				GCC_C_LANGUAGE_STANDARD = gnu11;
				GCC_DYNAMIC_NO_PIC = NO;
				GCC_NO_COMMON_BLOCKS = YES;
				GCC_OPTIMIZATION_LEVEL = 0;
				GCC_PREPROCESSOR_DEFINITIONS = (
					"DEBUG=1",
					"$(inherited)",
				);
				GCC_WARN_64_TO_32_BIT_CONVERSION = YES;
				GCC_WARN_ABOUT_RETURN_TYPE = YES_ERROR;
				GCC_WARN_UNDECLARED_SELECTOR = YES;
				GCC_WARN_UNINITIALIZED_AUTOS = YES_AGGRESSIVE;
				GCC_WARN_UNUSED_FUNCTION = YES;
				GCC_WARN_UNUSED_VARIABLE = YES;
				IPHONEOS_DEPLOYMENT_TARGET = 16.4;
				MTL_ENABLE_DEBUG_INFO = INCLUDE_SOURCE;
				MTL_FAST_MATH = YES;
				ONLY_ACTIVE_ARCH = YES;
				SDKROOT = iphoneos;
				SWIFT_ACTIVE_COMPILATION_CONDITIONS = DEBUG;
				SWIFT_OPTIMIZATION_LEVEL = "-Onone";
			};
			name = Debug;
		};
		70ADD5172A52E1DF005D2EB5 /* Release */ = {
			isa = XCBuildConfiguration;
			buildSettings = {
				ALWAYS_SEARCH_USER_PATHS = NO;
				CLANG_ANALYZER_NONNULL = YES;
				CLANG_ANALYZER_NUMBER_OBJECT_CONVERSION = YES_AGGRESSIVE;
				CLANG_CXX_LANGUAGE_STANDARD = "gnu++20";
				CLANG_ENABLE_MODULES = YES;
				CLANG_ENABLE_OBJC_ARC = YES;
				CLANG_ENABLE_OBJC_WEAK = YES;
				CLANG_WARN_BLOCK_CAPTURE_AUTORELEASING = YES;
				CLANG_WARN_BOOL_CONVERSION = YES;
				CLANG_WARN_COMMA = YES;
				CLANG_WARN_CONSTANT_CONVERSION = YES;
				CLANG_WARN_DEPRECATED_OBJC_IMPLEMENTATIONS = YES;
				CLANG_WARN_DIRECT_OBJC_ISA_USAGE = YES_ERROR;
				CLANG_WARN_DOCUMENTATION_COMMENTS = YES;
				CLANG_WARN_EMPTY_BODY = YES;
				CLANG_WARN_ENUM_CONVERSION = YES;
				CLANG_WARN_INFINITE_RECURSION = YES;
				CLANG_WARN_INT_CONVERSION = YES;
				CLANG_WARN_NON_LITERAL_NULL_CONVERSION = YES;
				CLANG_WARN_OBJC_IMPLICIT_RETAIN_SELF = YES;
				CLANG_WARN_OBJC_LITERAL_CONVERSION = YES;
				CLANG_WARN_OBJC_ROOT_CLASS = YES_ERROR;
				CLANG_WARN_QUOTED_INCLUDE_IN_FRAMEWORK_HEADER = YES;
				CLANG_WARN_RANGE_LOOP_ANALYSIS = YES;
				CLANG_WARN_STRICT_PROTOTYPES = YES;
				CLANG_WARN_SUSPICIOUS_MOVE = YES;
				CLANG_WARN_UNGUARDED_AVAILABILITY = YES_AGGRESSIVE;
				CLANG_WARN_UNREACHABLE_CODE = YES;
				CLANG_WARN__DUPLICATE_METHOD_MATCH = YES;
				COPY_PHASE_STRIP = NO;
				DEBUG_INFORMATION_FORMAT = "dwarf-with-dsym";
				ENABLE_NS_ASSERTIONS = NO;
				ENABLE_STRICT_OBJC_MSGSEND = YES;
				GCC_C_LANGUAGE_STANDARD = gnu11;
				GCC_NO_COMMON_BLOCKS = YES;
				GCC_WARN_64_TO_32_BIT_CONVERSION = YES;
				GCC_WARN_ABOUT_RETURN_TYPE = YES_ERROR;
				GCC_WARN_UNDECLARED_SELECTOR = YES;
				GCC_WARN_UNINITIALIZED_AUTOS = YES_AGGRESSIVE;
				GCC_WARN_UNUSED_FUNCTION = YES;
				GCC_WARN_UNUSED_VARIABLE = YES;
				IPHONEOS_DEPLOYMENT_TARGET = 16.4;
				MTL_ENABLE_DEBUG_INFO = NO;
				MTL_FAST_MATH = YES;
				SDKROOT = iphoneos;
				SWIFT_COMPILATION_MODE = wholemodule;
				SWIFT_OPTIMIZATION_LEVEL = "-O";
				VALIDATE_PRODUCT = YES;
			};
			name = Release;
		};
		70ADD5192A52E1DF005D2EB5 /* Debug */ = {
			isa = XCBuildConfiguration;
			buildSettings = {
				ASSETCATALOG_COMPILER_APPICON_NAME = AppIcon;
				ASSETCATALOG_COMPILER_GLOBAL_ACCENT_COLOR_NAME = AccentColor;
				CODE_SIGN_STYLE = Automatic;
				CURRENT_PROJECT_VERSION = 1;
				DEVELOPMENT_ASSET_PATHS = "\"units-tracking-app/Preview Content\"";
				ENABLE_PREVIEWS = YES;
				GENERATE_INFOPLIST_FILE = YES;
				INFOPLIST_FILE = "units-tracking-app/Info.plist";
				INFOPLIST_KEY_UIApplicationSceneManifest_Generation = YES;
				INFOPLIST_KEY_UIApplicationSupportsIndirectInputEvents = YES;
				INFOPLIST_KEY_UILaunchScreen_Generation = YES;
				INFOPLIST_KEY_UISupportedInterfaceOrientations_iPad = "UIInterfaceOrientationPortrait UIInterfaceOrientationPortraitUpsideDown UIInterfaceOrientationLandscapeLeft UIInterfaceOrientationLandscapeRight";
				INFOPLIST_KEY_UISupportedInterfaceOrientations_iPhone = "UIInterfaceOrientationPortrait UIInterfaceOrientationLandscapeLeft UIInterfaceOrientationLandscapeRight";
				LD_RUNPATH_SEARCH_PATHS = (
					"$(inherited)",
					"@executable_path/Frameworks",
				);
				MARKETING_VERSION = 1.0;
				PRODUCT_BUNDLE_IDENTIFIER = "organisation-id.units-tracking-app";
				PRODUCT_NAME = "$(TARGET_NAME)";
				SWIFT_EMIT_LOC_STRINGS = YES;
				SWIFT_VERSION = 5.0;
				TARGETED_DEVICE_FAMILY = "1,2";
			};
			name = Debug;
		};
		70ADD51A2A52E1DF005D2EB5 /* Release */ = {
			isa = XCBuildConfiguration;
			buildSettings = {
				ASSETCATALOG_COMPILER_APPICON_NAME = AppIcon;
				ASSETCATALOG_COMPILER_GLOBAL_ACCENT_COLOR_NAME = AccentColor;
				CODE_SIGN_STYLE = Automatic;
				CURRENT_PROJECT_VERSION = 1;
				DEVELOPMENT_ASSET_PATHS = "\"units-tracking-app/Preview Content\"";
				ENABLE_PREVIEWS = YES;
				GENERATE_INFOPLIST_FILE = YES;
				INFOPLIST_FILE = "units-tracking-app/Info.plist";
				INFOPLIST_KEY_UIApplicationSceneManifest_Generation = YES;
				INFOPLIST_KEY_UIApplicationSupportsIndirectInputEvents = YES;
				INFOPLIST_KEY_UILaunchScreen_Generation = YES;
				INFOPLIST_KEY_UISupportedInterfaceOrientations_iPad = "UIInterfaceOrientationPortrait UIInterfaceOrientationPortraitUpsideDown UIInterfaceOrientationLandscapeLeft UIInterfaceOrientationLandscapeRight";
				INFOPLIST_KEY_UISupportedInterfaceOrientations_iPhone = "UIInterfaceOrientationPortrait UIInterfaceOrientationLandscapeLeft UIInterfaceOrientationLandscapeRight";
				LD_RUNPATH_SEARCH_PATHS = (
					"$(inherited)",
					"@executable_path/Frameworks",
				);
				MARKETING_VERSION = 1.0;
				PRODUCT_BUNDLE_IDENTIFIER = "organisation-id.units-tracking-app";
				PRODUCT_NAME = "$(TARGET_NAME)";
				SWIFT_EMIT_LOC_STRINGS = YES;
				SWIFT_VERSION = 5.0;
				TARGETED_DEVICE_FAMILY = "1,2";
			};
			name = Release;
		};
/* End XCBuildConfiguration section */

/* Begin XCConfigurationList section */
		70ADD5052A52E1DE005D2EB5 /* Build configuration list for PBXProject "units-tracking-app" */ = {
			isa = XCConfigurationList;
			buildConfigurations = (
				70ADD5162A52E1DF005D2EB5 /* Debug */,
				70ADD5172A52E1DF005D2EB5 /* Release */,
			);
			defaultConfigurationIsVisible = 0;
			defaultConfigurationName = Release;
		};
		70ADD5182A52E1DF005D2EB5 /* Build configuration list for PBXNativeTarget "units-tracking-app" */ = {
			isa = XCConfigurationList;
			buildConfigurations = (
				70ADD5192A52E1DF005D2EB5 /* Debug */,
				70ADD51A2A52E1DF005D2EB5 /* Release */,
			);
			defaultConfigurationIsVisible = 0;
			defaultConfigurationName = Release;
		};
/* End XCConfigurationList section */
	};
	rootObject = 70ADD5022A52E1DE005D2EB5 /* Project object */;
}
